
Microsoft Visual Studio Solution File, Format Version 12.00
# Visual Studio Version 16
VisualStudioVersion = 16.0.32106.194
MinimumVisualStudioVersion = 10.0.40219.1
Project("{FAE04EC0-301F-11D3-BF4B-00C04F79EFBC}") = "UserLogin", "UserLogin\UserLogin.csproj", "{7669C0D3-6B8B-48D9-ACD8-4DA89DFE3D3A}"
EndProject
Global
	GlobalSection(SolutionConfigurationPlatforms) = preSolution
		Debug|Any CPU = Debug|Any CPU
		Release|Any CPU = Release|Any CPU
	EndGlobalSection
	GlobalSection(ProjectConfigurationPlatforms) = postSolution
		{7669C0D3-6B8B-48D9-ACD8-4DA89DFE3D3A}.Debug|Any CPU.ActiveCfg = Debug|Any CPU
		{7669C0D3-6B8B-48D9-ACD8-4DA89DFE3D3A}.Debug|Any CPU.Build.0 = Debug|Any CPU
		{7669C0D3-6B8B-48D9-ACD8-4DA89DFE3D3A}.Release|Any CPU.ActiveCfg = Release|Any CPU
		{7669C0D3-6B8B-48D9-ACD8-4DA89DFE3D3A}.Release|Any CPU.Build.0 = Release|Any CPU
	EndGlobalSection
	GlobalSection(SolutionProperties) = preSolution
		HideSolutionNode = FALSE
	EndGlobalSection
	GlobalSection(ExtensibilityGlobals) = postSolution
		SolutionGuid = {4A602881-15A0-4D3A-8FE4-9E270A3BD992}
	EndGlobalSection
EndGlobal
